
Microsoft Visual Studio Solution File, Format Version 12.00
Project("{FAE04EC0-301F-11D3-BF4B-00C04F79EFBC}") = "Space-Engineers-LCD-MOD", "Space-Engineers-LCD-MOD\Space-Engineers-LCD-MOD.csproj", "{F1DBB535-3C48-4F7F-80D7-F642CCF46A0B}"
EndProject
Global
	GlobalSection(SolutionConfigurationPlatforms) = preSolution
		Debug|x64 = Debug|x64
		Release|x64 = Release|x64
	EndGlobalSection
	GlobalSection(ProjectConfigurationPlatforms) = postSolution
		{F1DBB535-3C48-4F7F-80D7-F642CCF46A0B}.Debug|x64.ActiveCfg = Debug|x64
		{F1DBB535-3C48-4F7F-80D7-F642CCF46A0B}.Debug|x64.Build.0 = Debug|x64
		{F1DBB535-3C48-4F7F-80D7-F642CCF46A0B}.Release|x64.ActiveCfg = Release|x64
		{F1DBB535-3C48-4F7F-80D7-F642CCF46A0B}.Release|x64.Build.0 = Release|x64
	EndGlobalSection
EndGlobal
